
Microsoft Visual Studio Solution File, Format Version 12.00
# Visual Studio 14
VisualStudioVersion = 14.0.24720.0
MinimumVisualStudioVersion = 10.0.40219.1
Project("{8BC9CEB8-8B4A-11D0-8D11-00A0C91BC942}") = "libflickcurl", "libflickcurl\libflickcurl.vcxproj", "{EB1212C5-5D89-4991-93BF-8D1C9C5E71A9}"
EndProject
Project("{8BC9CEB8-8B4A-11D0-8D11-00A0C91BC942}") = "print-photo-info", "print-photo-info\print-photo-info.vcxproj", "{598A1BA1-A754-4305-B2EF-931F16F341E4}"
	ProjectSection(ProjectDependencies) = postProject
		{EB1212C5-5D89-4991-93BF-8D1C9C5E71A9} = {EB1212C5-5D89-4991-93BF-8D1C9C5E71A9}
	EndProjectSection
EndProject
Project("{8BC9CEB8-8B4A-11D0-8D11-00A0C91BC942}") = "flickcurl-util", "flickcurl-util\flickcurl-util.vcxproj", "{645373BF-0951-455B-B369-AD439ED01AF8}"
	ProjectSection(ProjectDependencies) = postProject
		{EB1212C5-5D89-4991-93BF-8D1C9C5E71A9} = {EB1212C5-5D89-4991-93BF-8D1C9C5E71A9}
	EndProjectSection
EndProject
Global
	GlobalSection(SolutionConfigurationPlatforms) = preSolution
		Debug|x64 = Debug|x64
		Debug|x86 = Debug|x86
		Release|x64 = Release|x64
		Release|x86 = Release|x86
	EndGlobalSection
	GlobalSection(ProjectConfigurationPlatforms) = postSolution
		{EB1212C5-5D89-4991-93BF-8D1C9C5E71A9}.Debug|x64.ActiveCfg = Debug|x64
		{EB1212C5-5D89-4991-93BF-8D1C9C5E71A9}.Debug|x64.Build.0 = Debug|x64
		{EB1212C5-5D89-4991-93BF-8D1C9C5E71A9}.Debug|x86.ActiveCfg = Debug|Win32
		{EB1212C5-5D89-4991-93BF-8D1C9C5E71A9}.Debug|x86.Build.0 = Debug|Win32
		{EB1212C5-5D89-4991-93BF-8D1C9C5E71A9}.Release|x64.ActiveCfg = Release|x64
		{EB1212C5-5D89-4991-93BF-8D1C9C5E71A9}.Release|x64.Build.0 = Release|x64
		{EB1212C5-5D89-4991-93BF-8D1C9C5E71A9}.Release|x86.ActiveCfg = Release|Win32
		{EB1212C5-5D89-4991-93BF-8D1C9C5E71A9}.Release|x86.Build.0 = Release|Win32
		{598A1BA1-A754-4305-B2EF-931F16F341E4}.Debug|x64.ActiveCfg = Debug|x64
		{598A1BA1-A754-4305-B2EF-931F16F341E4}.Debug|x64.Build.0 = Debug|x64
		{598A1BA1-A754-4305-B2EF-931F16F341E4}.Debug|x86.ActiveCfg = Debug|Win32
		{598A1BA1-A754-4305-B2EF-931F16F341E4}.Debug|x86.Build.0 = Debug|Win32
		{598A1BA1-A754-4305-B2EF-931F16F341E4}.Release|x64.ActiveCfg = Release|x64
		{598A1BA1-A754-4305-B2EF-931F16F341E4}.Release|x64.Build.0 = Release|x64
		{598A1BA1-A754-4305-B2EF-931F16F341E4}.Release|x86.ActiveCfg = Release|Win32
		{598A1BA1-A754-4305-B2EF-931F16F341E4}.Release|x86.Build.0 = Release|Win32
		{645373BF-0951-455B-B369-AD439ED01AF8}.Debug|x64.ActiveCfg = Debug|x64
		{645373BF-0951-455B-B369-AD439ED01AF8}.Debug|x64.Build.0 = Debug|x64
		{645373BF-0951-455B-B369-AD439ED01AF8}.Debug|x86.ActiveCfg = Debug|Win32
		{645373BF-0951-455B-B369-AD439ED01AF8}.Debug|x86.Build.0 = Debug|Win32
		{645373BF-0951-455B-B369-AD439ED01AF8}.Release|x64.ActiveCfg = Release|x64
		{645373BF-0951-455B-B369-AD439ED01AF8}.Release|x64.Build.0 = Release|x64
		{645373BF-0951-455B-B369-AD439ED01AF8}.Release|x86.ActiveCfg = Release|Win32
		{645373BF-0951-455B-B369-AD439ED01AF8}.Release|x86.Build.0 = Release|Win32
	EndGlobalSection
	GlobalSection(SolutionProperties) = preSolution
		HideSolutionNode = FALSE
	EndGlobalSection
EndGlobal
